<Solution>
  <Folder Name="/Api/">
    <Project Path="Mes.Shopfloor.Api.ProductionManagement/Mes.Shopfloor.Api.ProductionManagement.csproj" />
    <Project Path="Mes.Shopfloor.Api.SharedKernel/Mes.Shopfloor.Api.SharedKernel.csproj" />
    <Project Path="Mes.Shopfloor.Api/Mes.Shopfloor.Api.csproj" />
  </Folder>
  <Folder Name="/Client/">
    <Project Path="Mes.Shopfloor.Client.Console/Mes.Shopfloor.Client.Console.csproj" />
    <Project Path="Mes.Shopfloor.Client.ProductionManagement/Mes.Shopfloor.Client.ProductionManagement.csproj" />
    <Project Path="Mes.Shopfloor.Client.SharedKernel/Mes.Shopfloor.Client.SharedKernel.csproj" />
  </Folder>
  <Folder Name="/Shared/">
    <Project Path="Mes.Shopfloor.Shared.SharedKernel/Mes.Shopfloor.Shared.SharedKernel.csproj" />
  </Folder>
  <Folder Name="/_/">
    <File Path="Directory.Packages.props" />
  </Folder>
</Solution>
